
Microsoft Visual Studio Solution File, Format Version 12.00
# Visual Studio Version 16
VisualStudioVersion = 16.0.31129.286
MinimumVisualStudioVersion = 10.0.40219.1
Project("{9A19103F-16F7-4668-BE54-9A1E7A4F7556}") = "GreenFlux.Api", "GreenFlux.Api\GreenFlux.Api.csproj", "{415FF648-B6D4-4613-BA95-26F88399F260}"
EndProject
Project("{2150E333-8FDC-42A3-9474-1A3956D46DE8}") = "src", "src", "{6A663528-9DF1-4726-9303-37073557C6E9}"
EndProject
Project("{9A19103F-16F7-4668-BE54-9A1E7A4F7556}") = "GreenFlux.Domain", "GreenFlux.Domain\GreenFlux.Domain.csproj", "{7E04FC42-D1D4-43AD-970D-E5A3E32A7352}"
EndProject
Project("{9A19103F-16F7-4668-BE54-9A1E7A4F7556}") = "GreenFlux.Data", "GreenFlux.Data\GreenFlux.Data.csproj", "{6DCED519-BE7D-4A9D-AEC0-BF57D65132E1}"
EndProject
Project("{9A19103F-16F7-4668-BE54-9A1E7A4F7556}") = "GreenFlux.Service", "GreenFlux.Service\GreenFlux.Service.csproj", "{A1D557A1-73CD-40F1-A4FB-DE86FF118106}"
EndProject
Project("{9A19103F-16F7-4668-BE54-9A1E7A4F7556}") = "GreenFlux.Api.Models", "GreenFlux.Api.Models\GreenFlux.Api.Models.csproj", "{AECCDA95-7CD6-4260-AA39-A6384BC36049}"
EndProject
Project("{9A19103F-16F7-4668-BE54-9A1E7A4F7556}") = "GreenFlux.Persistence", "GreenFlux.Persistence\GreenFlux.Persistence.csproj", "{F0CC0067-2755-4916-9D31-BE841CE85762}"
EndProject
Project("{2150E333-8FDC-42A3-9474-1A3956D46DE8}") = "test", "test", "{424B1E5C-B2C0-42A0-A3DB-A31413E9837A}"
EndProject
Project("{9A19103F-16F7-4668-BE54-9A1E7A4F7556}") = "GreenFlux.Service.UnitTests", "test\GreenFlux.Service.UnitTests\GreenFlux.Service.UnitTests.csproj", "{339DCE36-9E8D-447D-98AB-255080C64CA8}"
EndProject
Project("{FAE04EC0-301F-11D3-BF4B-00C04F79EFBC}") = "GreenFlux.IntegrationTests", "test\GreenFlux.IntegrationTests\GreenFlux.IntegrationTests.csproj", "{B0E9F79F-4689-4B9D-8B85-988D7F053509}"
EndProject
Global
	GlobalSection(SolutionConfigurationPlatforms) = preSolution
		Debug|Any CPU = Debug|Any CPU
		Release|Any CPU = Release|Any CPU
	EndGlobalSection
	GlobalSection(ProjectConfigurationPlatforms) = postSolution
		{415FF648-B6D4-4613-BA95-26F88399F260}.Debug|Any CPU.ActiveCfg = Debug|Any CPU
		{415FF648-B6D4-4613-BA95-26F88399F260}.Debug|Any CPU.Build.0 = Debug|Any CPU
		{415FF648-B6D4-4613-BA95-26F88399F260}.Release|Any CPU.ActiveCfg = Release|Any CPU
		{415FF648-B6D4-4613-BA95-26F88399F260}.Release|Any CPU.Build.0 = Release|Any CPU
		{7E04FC42-D1D4-43AD-970D-E5A3E32A7352}.Debug|Any CPU.ActiveCfg = Debug|Any CPU
		{7E04FC42-D1D4-43AD-970D-E5A3E32A7352}.Debug|Any CPU.Build.0 = Debug|Any CPU
		{7E04FC42-D1D4-43AD-970D-E5A3E32A7352}.Release|Any CPU.ActiveCfg = Release|Any CPU
		{7E04FC42-D1D4-43AD-970D-E5A3E32A7352}.Release|Any CPU.Build.0 = Release|Any CPU
		{6DCED519-BE7D-4A9D-AEC0-BF57D65132E1}.Debug|Any CPU.ActiveCfg = Debug|Any CPU
		{6DCED519-BE7D-4A9D-AEC0-BF57D65132E1}.Debug|Any CPU.Build.0 = Debug|Any CPU
		{6DCED519-BE7D-4A9D-AEC0-BF57D65132E1}.Release|Any CPU.ActiveCfg = Release|Any CPU
		{6DCED519-BE7D-4A9D-AEC0-BF57D65132E1}.Release|Any CPU.Build.0 = Release|Any CPU
		{A1D557A1-73CD-40F1-A4FB-DE86FF118106}.Debug|Any CPU.ActiveCfg = Debug|Any CPU
		{A1D557A1-73CD-40F1-A4FB-DE86FF118106}.Debug|Any CPU.Build.0 = Debug|Any CPU
		{A1D557A1-73CD-40F1-A4FB-DE86FF118106}.Release|Any CPU.ActiveCfg = Release|Any CPU
		{A1D557A1-73CD-40F1-A4FB-DE86FF118106}.Release|Any CPU.Build.0 = Release|Any CPU
		{AECCDA95-7CD6-4260-AA39-A6384BC36049}.Debug|Any CPU.ActiveCfg = Debug|Any CPU
		{AECCDA95-7CD6-4260-AA39-A6384BC36049}.Debug|Any CPU.Build.0 = Debug|Any CPU
		{AECCDA95-7CD6-4260-AA39-A6384BC36049}.Release|Any CPU.ActiveCfg = Release|Any CPU
		{AECCDA95-7CD6-4260-AA39-A6384BC36049}.Release|Any CPU.Build.0 = Release|Any CPU
		{F0CC0067-2755-4916-9D31-BE841CE85762}.Debug|Any CPU.ActiveCfg = Debug|Any CPU
		{F0CC0067-2755-4916-9D31-BE841CE85762}.Debug|Any CPU.Build.0 = Debug|Any CPU
		{F0CC0067-2755-4916-9D31-BE841CE85762}.Release|Any CPU.ActiveCfg = Release|Any CPU
		{F0CC0067-2755-4916-9D31-BE841CE85762}.Release|Any CPU.Build.0 = Release|Any CPU
		{339DCE36-9E8D-447D-98AB-255080C64CA8}.Debug|Any CPU.ActiveCfg = Debug|Any CPU
		{339DCE36-9E8D-447D-98AB-255080C64CA8}.Debug|Any CPU.Build.0 = Debug|Any CPU
		{339DCE36-9E8D-447D-98AB-255080C64CA8}.Release|Any CPU.ActiveCfg = Release|Any CPU
		{339DCE36-9E8D-447D-98AB-255080C64CA8}.Release|Any CPU.Build.0 = Release|Any CPU
		{B0E9F79F-4689-4B9D-8B85-988D7F053509}.Debug|Any CPU.ActiveCfg = Debug|Any CPU
		{B0E9F79F-4689-4B9D-8B85-988D7F053509}.Debug|Any CPU.Build.0 = Debug|Any CPU
		{B0E9F79F-4689-4B9D-8B85-988D7F053509}.Release|Any CPU.ActiveCfg = Release|Any CPU
		{B0E9F79F-4689-4B9D-8B85-988D7F053509}.Release|Any CPU.Build.0 = Release|Any CPU
	EndGlobalSection
	GlobalSection(SolutionProperties) = preSolution
		HideSolutionNode = FALSE
	EndGlobalSection
	GlobalSection(NestedProjects) = preSolution
		{415FF648-B6D4-4613-BA95-26F88399F260} = {6A663528-9DF1-4726-9303-37073557C6E9}
		{7E04FC42-D1D4-43AD-970D-E5A3E32A7352} = {6A663528-9DF1-4726-9303-37073557C6E9}
		{6DCED519-BE7D-4A9D-AEC0-BF57D65132E1} = {6A663528-9DF1-4726-9303-37073557C6E9}
		{A1D557A1-73CD-40F1-A4FB-DE86FF118106} = {6A663528-9DF1-4726-9303-37073557C6E9}
		{AECCDA95-7CD6-4260-AA39-A6384BC36049} = {6A663528-9DF1-4726-9303-37073557C6E9}
		{F0CC0067-2755-4916-9D31-BE841CE85762} = {6A663528-9DF1-4726-9303-37073557C6E9}
		{339DCE36-9E8D-447D-98AB-255080C64CA8} = {424B1E5C-B2C0-42A0-A3DB-A31413E9837A}
		{B0E9F79F-4689-4B9D-8B85-988D7F053509} = {424B1E5C-B2C0-42A0-A3DB-A31413E9837A}
	EndGlobalSection
	GlobalSection(ExtensibilityGlobals) = postSolution
		SolutionGuid = {9E5052A3-6D34-4A27-93F8-93E3679611AE}
	EndGlobalSection
EndGlobal
